
Microsoft Visual Studio Solution File, Format Version 12.00
# Visual Studio 15
VisualStudioVersion = 15.0.28307.271
MinimumVisualStudioVersion = 10.0.40219.1
Project("{9A19103F-16F7-4668-BE54-9A1E7A4F7556}") = "Intelligent.API", "Intelligent-API\Intelligent.API.csproj", "{26F080BE-5444-4BF6-BEEB-DA70AD90DFD7}"
EndProject
Project("{9A19103F-16F7-4668-BE54-9A1E7A4F7556}") = "Intelligent.Data", "Intelligent.Data\Intelligent.Data.csproj", "{9B178575-7023-4100-A4D8-3B480803E37E}"
EndProject
Global
	GlobalSection(SolutionConfigurationPlatforms) = preSolution
		Debug|Any CPU = Debug|Any CPU
		Release|Any CPU = Release|Any CPU
	EndGlobalSection
	GlobalSection(ProjectConfigurationPlatforms) = postSolution
		{26F080BE-5444-4BF6-BEEB-DA70AD90DFD7}.Debug|Any CPU.ActiveCfg = Debug|Any CPU
		{26F080BE-5444-4BF6-BEEB-DA70AD90DFD7}.Debug|Any CPU.Build.0 = Debug|Any CPU
		{26F080BE-5444-4BF6-BEEB-DA70AD90DFD7}.Release|Any CPU.ActiveCfg = Release|Any CPU
		{26F080BE-5444-4BF6-BEEB-DA70AD90DFD7}.Release|Any CPU.Build.0 = Release|Any CPU
		{9B178575-7023-4100-A4D8-3B480803E37E}.Debug|Any CPU.ActiveCfg = Debug|Any CPU
		{9B178575-7023-4100-A4D8-3B480803E37E}.Debug|Any CPU.Build.0 = Debug|Any CPU
		{9B178575-7023-4100-A4D8-3B480803E37E}.Release|Any CPU.ActiveCfg = Release|Any CPU
		{9B178575-7023-4100-A4D8-3B480803E37E}.Release|Any CPU.Build.0 = Release|Any CPU
	EndGlobalSection
	GlobalSection(SolutionProperties) = preSolution
		HideSolutionNode = FALSE
	EndGlobalSection
	GlobalSection(ExtensibilityGlobals) = postSolution
		SolutionGuid = {6E30C5BE-2B9D-44E3-8E56-8ACE6961D04B}
	EndGlobalSection
EndGlobal
